
Microsoft Visual Studio Solution File, Format Version 12.00
# Visual Studio Version 17
VisualStudioVersion = 17.9.34607.119
MinimumVisualStudioVersion = 10.0.40219.1
Project("{FAE04EC0-301F-11D3-BF4B-00C04F79EFBC}") = "Task_1", "Task_1.csproj", "{030A6B64-DD62-4D42-9AD0-D87089773FB7}"
EndProject
Project("{FAE04EC0-301F-11D3-BF4B-00C04F79EFBC}") = "Task_2", "Task_2\Task_2.csproj", "{362DEE4D-2BF9-4AD3-A4AA-8D463439753A}"
EndProject
Global
	GlobalSection(SolutionConfigurationPlatforms) = preSolution
		Debug|Any CPU = Debug|Any CPU
		Release|Any CPU = Release|Any CPU
	EndGlobalSection
	GlobalSection(ProjectConfigurationPlatforms) = postSolution
		{030A6B64-DD62-4D42-9AD0-D87089773FB7}.Debug|Any CPU.ActiveCfg = Debug|Any CPU
		{030A6B64-DD62-4D42-9AD0-D87089773FB7}.Debug|Any CPU.Build.0 = Debug|Any CPU
		{030A6B64-DD62-4D42-9AD0-D87089773FB7}.Release|Any CPU.ActiveCfg = Release|Any CPU
		{030A6B64-DD62-4D42-9AD0-D87089773FB7}.Release|Any CPU.Build.0 = Release|Any CPU
		{362DEE4D-2BF9-4AD3-A4AA-8D463439753A}.Debug|Any CPU.ActiveCfg = Debug|Any CPU
		{362DEE4D-2BF9-4AD3-A4AA-8D463439753A}.Debug|Any CPU.Build.0 = Debug|Any CPU
		{362DEE4D-2BF9-4AD3-A4AA-8D463439753A}.Release|Any CPU.ActiveCfg = Release|Any CPU
		{362DEE4D-2BF9-4AD3-A4AA-8D463439753A}.Release|Any CPU.Build.0 = Release|Any CPU
	EndGlobalSection
	GlobalSection(SolutionProperties) = preSolution
		HideSolutionNode = FALSE
	EndGlobalSection
	GlobalSection(ExtensibilityGlobals) = postSolution
		SolutionGuid = {32CE0606-93E6-47D8-B502-E06CF8C6AC63}
	EndGlobalSection
EndGlobal
